
Microsoft Visual Studio Solution File, Format Version 12.00
# Visual Studio Version 17
VisualStudioVersion = 17.0.31903.59
MinimumVisualStudioVersion = 10.0.40219.1
Project("{2150E333-8FDC-42A3-9474-1A3956D46DE8}") = "Adapters.Tests", "Adapters.Tests", "{B67A22A2-04F2-3E67-A6BA-E4F33D6047E3}"
EndProject
Project("{FAE04EC0-301F-11D3-BF4B-00C04F79EFBC}") = "ValuesWorkshop.Adapters.Tests", "Adapters.Tests\ValuesWorkshop.Adapters.Tests.csproj", "{E0ABEE31-351C-47A0-B691-4FF9712DF4A7}"
EndProject
Project("{2150E333-8FDC-42A3-9474-1A3956D46DE8}") = "Adapters", "Adapters", "{09DF2EE5-5FE7-3EC7-59CB-CAD7E0928979}"
EndProject
Project("{FAE04EC0-301F-11D3-BF4B-00C04F79EFBC}") = "ValuesWorkshop.Adapters", "Adapters\ValuesWorkshop.Adapters.csproj", "{61F699BB-2325-483E-BD8A-1F4096E883DB}"
EndProject
Project("{2150E333-8FDC-42A3-9474-1A3956D46DE8}") = "Application", "Application", "{A74F262E-BDE7-D5D2-89E9-785413424D0A}"
EndProject
Project("{FAE04EC0-301F-11D3-BF4B-00C04F79EFBC}") = "ValuesWorkshop.Application", "Application\ValuesWorkshop.Application.csproj", "{7C1B1238-54CE-4DB0-B1AA-A32229A38649}"
EndProject
Project("{2150E333-8FDC-42A3-9474-1A3956D46DE8}") = "Domain", "Domain", "{996CEBED-A05B-5D42-3FF0-982E087A2599}"
EndProject
Project("{FAE04EC0-301F-11D3-BF4B-00C04F79EFBC}") = "ValuesWorkshop.Domain", "Domain\ValuesWorkshop.Domain.csproj", "{AA359F8A-B6BD-4054-A92E-542D75FC0F71}"
EndProject
Project("{2150E333-8FDC-42A3-9474-1A3956D46DE8}") = "Application.Tests", "Application.Tests", "{3A7D4CBB-875E-3628-B0DC-316B127B610F}"
EndProject
Project("{FAE04EC0-301F-11D3-BF4B-00C04F79EFBC}") = "ValuesWorkshop.Application.Tests", "Application.Tests\ValuesWorkshop.Application.Tests.csproj", "{17370C7E-F958-458A-940A-49A126D4D7B7}"
EndProject
Project("{2150E333-8FDC-42A3-9474-1A3956D46DE8}") = "Domain.Tests", "Domain.Tests", "{BAB2497A-7622-1410-2835-8828CFE57558}"
EndProject
Project("{FAE04EC0-301F-11D3-BF4B-00C04F79EFBC}") = "ValuesWorkshop.Domain.Tests", "Domain.Tests\ValuesWorkshop.Domain.Tests.csproj", "{94509DCE-D10E-4DB6-B413-5F38261CBD9B}"
EndProject
Project("{2150E333-8FDC-42A3-9474-1A3956D46DE8}") = "Host.Tests", "Host.Tests", "{B9B3A618-F0B6-3C03-4397-9BE7AE198C90}"
EndProject
Project("{FAE04EC0-301F-11D3-BF4B-00C04F79EFBC}") = "ValuesWorkshop.Host.Tests", "Host.Tests\ValuesWorkshop.Host.Tests.csproj", "{E596B0B6-2E0A-421D-B8D8-365F881F1F2C}"
EndProject
Project("{2150E333-8FDC-42A3-9474-1A3956D46DE8}") = "Host", "Host", "{7226ABEA-787E-1D09-10EA-A2ECF996D6A6}"
EndProject
Project("{FAE04EC0-301F-11D3-BF4B-00C04F79EFBC}") = "ValuesWorkshop.Host", "Host\ValuesWorkshop.Host.csproj", "{2D01CA69-AD0E-488D-92D7-80143D4E4C01}"
EndProject
Global
	GlobalSection(SolutionConfigurationPlatforms) = preSolution
		Debug|Any CPU = Debug|Any CPU
		Debug|x64 = Debug|x64
		Debug|x86 = Debug|x86
		Release|Any CPU = Release|Any CPU
		Release|x64 = Release|x64
		Release|x86 = Release|x86
	EndGlobalSection
	GlobalSection(ProjectConfigurationPlatforms) = postSolution
		{E0ABEE31-351C-47A0-B691-4FF9712DF4A7}.Debug|Any CPU.ActiveCfg = Debug|Any CPU
		{E0ABEE31-351C-47A0-B691-4FF9712DF4A7}.Debug|Any CPU.Build.0 = Debug|Any CPU
		{E0ABEE31-351C-47A0-B691-4FF9712DF4A7}.Debug|x64.ActiveCfg = Debug|Any CPU
		{E0ABEE31-351C-47A0-B691-4FF9712DF4A7}.Debug|x64.Build.0 = Debug|Any CPU
		{E0ABEE31-351C-47A0-B691-4FF9712DF4A7}.Debug|x86.ActiveCfg = Debug|Any CPU
		{E0ABEE31-351C-47A0-B691-4FF9712DF4A7}.Debug|x86.Build.0 = Debug|Any CPU
		{E0ABEE31-351C-47A0-B691-4FF9712DF4A7}.Release|Any CPU.ActiveCfg = Release|Any CPU
		{E0ABEE31-351C-47A0-B691-4FF9712DF4A7}.Release|Any CPU.Build.0 = Release|Any CPU
		{E0ABEE31-351C-47A0-B691-4FF9712DF4A7}.Release|x64.ActiveCfg = Release|Any CPU
		{E0ABEE31-351C-47A0-B691-4FF9712DF4A7}.Release|x64.Build.0 = Release|Any CPU
		{E0ABEE31-351C-47A0-B691-4FF9712DF4A7}.Release|x86.ActiveCfg = Release|Any CPU
		{E0ABEE31-351C-47A0-B691-4FF9712DF4A7}.Release|x86.Build.0 = Release|Any CPU
		{61F699BB-2325-483E-BD8A-1F4096E883DB}.Debug|Any CPU.ActiveCfg = Debug|Any CPU
		{61F699BB-2325-483E-BD8A-1F4096E883DB}.Debug|Any CPU.Build.0 = Debug|Any CPU
		{61F699BB-2325-483E-BD8A-1F4096E883DB}.Debug|x64.ActiveCfg = Debug|Any CPU
		{61F699BB-2325-483E-BD8A-1F4096E883DB}.Debug|x64.Build.0 = Debug|Any CPU
		{61F699BB-2325-483E-BD8A-1F4096E883DB}.Debug|x86.ActiveCfg = Debug|Any CPU
		{61F699BB-2325-483E-BD8A-1F4096E883DB}.Debug|x86.Build.0 = Debug|Any CPU
		{61F699BB-2325-483E-BD8A-1F4096E883DB}.Release|Any CPU.ActiveCfg = Release|Any CPU
		{61F699BB-2325-483E-BD8A-1F4096E883DB}.Release|Any CPU.Build.0 = Release|Any CPU
		{61F699BB-2325-483E-BD8A-1F4096E883DB}.Release|x64.ActiveCfg = Release|Any CPU
		{61F699BB-2325-483E-BD8A-1F4096E883DB}.Release|x64.Build.0 = Release|Any CPU
		{61F699BB-2325-483E-BD8A-1F4096E883DB}.Release|x86.ActiveCfg = Release|Any CPU
		{61F699BB-2325-483E-BD8A-1F4096E883DB}.Release|x86.Build.0 = Release|Any CPU
		{7C1B1238-54CE-4DB0-B1AA-A32229A38649}.Debug|Any CPU.ActiveCfg = Debug|Any CPU
		{7C1B1238-54CE-4DB0-B1AA-A32229A38649}.Debug|Any CPU.Build.0 = Debug|Any CPU
		{7C1B1238-54CE-4DB0-B1AA-A32229A38649}.Debug|x64.ActiveCfg = Debug|Any CPU
		{7C1B1238-54CE-4DB0-B1AA-A32229A38649}.Debug|x64.Build.0 = Debug|Any CPU
		{7C1B1238-54CE-4DB0-B1AA-A32229A38649}.Debug|x86.ActiveCfg = Debug|Any CPU
		{7C1B1238-54CE-4DB0-B1AA-A32229A38649}.Debug|x86.Build.0 = Debug|Any CPU
		{7C1B1238-54CE-4DB0-B1AA-A32229A38649}.Release|Any CPU.ActiveCfg = Release|Any CPU
		{7C1B1238-54CE-4DB0-B1AA-A32229A38649}.Release|Any CPU.Build.0 = Release|Any CPU
		{7C1B1238-54CE-4DB0-B1AA-A32229A38649}.Release|x64.ActiveCfg = Release|Any CPU
		{7C1B1238-54CE-4DB0-B1AA-A32229A38649}.Release|x64.Build.0 = Release|Any CPU
		{7C1B1238-54CE-4DB0-B1AA-A32229A38649}.Release|x86.ActiveCfg = Release|Any CPU
		{7C1B1238-54CE-4DB0-B1AA-A32229A38649}.Release|x86.Build.0 = Release|Any CPU
		{AA359F8A-B6BD-4054-A92E-542D75FC0F71}.Debug|Any CPU.ActiveCfg = Debug|Any CPU
		{AA359F8A-B6BD-4054-A92E-542D75FC0F71}.Debug|Any CPU.Build.0 = Debug|Any CPU
		{AA359F8A-B6BD-4054-A92E-542D75FC0F71}.Debug|x64.ActiveCfg = Debug|Any CPU
		{AA359F8A-B6BD-4054-A92E-542D75FC0F71}.Debug|x64.Build.0 = Debug|Any CPU
		{AA359F8A-B6BD-4054-A92E-542D75FC0F71}.Debug|x86.ActiveCfg = Debug|Any CPU
		{AA359F8A-B6BD-4054-A92E-542D75FC0F71}.Debug|x86.Build.0 = Debug|Any CPU
		{AA359F8A-B6BD-4054-A92E-542D75FC0F71}.Release|Any CPU.ActiveCfg = Release|Any CPU
		{AA359F8A-B6BD-4054-A92E-542D75FC0F71}.Release|Any CPU.Build.0 = Release|Any CPU
		{AA359F8A-B6BD-4054-A92E-542D75FC0F71}.Release|x64.ActiveCfg = Release|Any CPU
		{AA359F8A-B6BD-4054-A92E-542D75FC0F71}.Release|x64.Build.0 = Release|Any CPU
		{AA359F8A-B6BD-4054-A92E-542D75FC0F71}.Release|x86.ActiveCfg = Release|Any CPU
		{AA359F8A-B6BD-4054-A92E-542D75FC0F71}.Release|x86.Build.0 = Release|Any CPU
		{17370C7E-F958-458A-940A-49A126D4D7B7}.Debug|Any CPU.ActiveCfg = Debug|Any CPU
		{17370C7E-F958-458A-940A-49A126D4D7B7}.Debug|Any CPU.Build.0 = Debug|Any CPU
		{17370C7E-F958-458A-940A-49A126D4D7B7}.Debug|x64.ActiveCfg = Debug|Any CPU
		{17370C7E-F958-458A-940A-49A126D4D7B7}.Debug|x64.Build.0 = Debug|Any CPU
		{17370C7E-F958-458A-940A-49A126D4D7B7}.Debug|x86.ActiveCfg = Debug|Any CPU
		{17370C7E-F958-458A-940A-49A126D4D7B7}.Debug|x86.Build.0 = Debug|Any CPU
		{17370C7E-F958-458A-940A-49A126D4D7B7}.Release|Any CPU.ActiveCfg = Release|Any CPU
		{17370C7E-F958-458A-940A-49A126D4D7B7}.Release|Any CPU.Build.0 = Release|Any CPU
		{17370C7E-F958-458A-940A-49A126D4D7B7}.Release|x64.ActiveCfg = Release|Any CPU
		{17370C7E-F958-458A-940A-49A126D4D7B7}.Release|x64.Build.0 = Release|Any CPU
		{17370C7E-F958-458A-940A-49A126D4D7B7}.Release|x86.ActiveCfg = Release|Any CPU
		{17370C7E-F958-458A-940A-49A126D4D7B7}.Release|x86.Build.0 = Release|Any CPU
		{94509DCE-D10E-4DB6-B413-5F38261CBD9B}.Debug|Any CPU.ActiveCfg = Debug|Any CPU
		{94509DCE-D10E-4DB6-B413-5F38261CBD9B}.Debug|Any CPU.Build.0 = Debug|Any CPU
		{94509DCE-D10E-4DB6-B413-5F38261CBD9B}.Debug|x64.ActiveCfg = Debug|Any CPU
		{94509DCE-D10E-4DB6-B413-5F38261CBD9B}.Debug|x64.Build.0 = Debug|Any CPU
		{94509DCE-D10E-4DB6-B413-5F38261CBD9B}.Debug|x86.ActiveCfg = Debug|Any CPU
		{94509DCE-D10E-4DB6-B413-5F38261CBD9B}.Debug|x86.Build.0 = Debug|Any CPU
		{94509DCE-D10E-4DB6-B413-5F38261CBD9B}.Release|Any CPU.ActiveCfg = Release|Any CPU
		{94509DCE-D10E-4DB6-B413-5F38261CBD9B}.Release|Any CPU.Build.0 = Release|Any CPU
		{94509DCE-D10E-4DB6-B413-5F38261CBD9B}.Release|x64.ActiveCfg = Release|Any CPU
		{94509DCE-D10E-4DB6-B413-5F38261CBD9B}.Release|x64.Build.0 = Release|Any CPU
		{94509DCE-D10E-4DB6-B413-5F38261CBD9B}.Release|x86.ActiveCfg = Release|Any CPU
		{94509DCE-D10E-4DB6-B413-5F38261CBD9B}.Release|x86.Build.0 = Release|Any CPU
		{E596B0B6-2E0A-421D-B8D8-365F881F1F2C}.Debug|Any CPU.ActiveCfg = Debug|Any CPU
		{E596B0B6-2E0A-421D-B8D8-365F881F1F2C}.Debug|Any CPU.Build.0 = Debug|Any CPU
		{E596B0B6-2E0A-421D-B8D8-365F881F1F2C}.Debug|x64.ActiveCfg = Debug|Any CPU
		{E596B0B6-2E0A-421D-B8D8-365F881F1F2C}.Debug|x64.Build.0 = Debug|Any CPU
		{E596B0B6-2E0A-421D-B8D8-365F881F1F2C}.Debug|x86.ActiveCfg = Debug|Any CPU
		{E596B0B6-2E0A-421D-B8D8-365F881F1F2C}.Debug|x86.Build.0 = Debug|Any CPU
		{E596B0B6-2E0A-421D-B8D8-365F881F1F2C}.Release|Any CPU.ActiveCfg = Release|Any CPU
		{E596B0B6-2E0A-421D-B8D8-365F881F1F2C}.Release|Any CPU.Build.0 = Release|Any CPU
		{E596B0B6-2E0A-421D-B8D8-365F881F1F2C}.Release|x64.ActiveCfg = Release|Any CPU
		{E596B0B6-2E0A-421D-B8D8-365F881F1F2C}.Release|x64.Build.0 = Release|Any CPU
		{E596B0B6-2E0A-421D-B8D8-365F881F1F2C}.Release|x86.ActiveCfg = Release|Any CPU
		{E596B0B6-2E0A-421D-B8D8-365F881F1F2C}.Release|x86.Build.0 = Release|Any CPU
		{2D01CA69-AD0E-488D-92D7-80143D4E4C01}.Debug|Any CPU.ActiveCfg = Debug|Any CPU
		{2D01CA69-AD0E-488D-92D7-80143D4E4C01}.Debug|Any CPU.Build.0 = Debug|Any CPU
		{2D01CA69-AD0E-488D-92D7-80143D4E4C01}.Debug|x64.ActiveCfg = Debug|Any CPU
		{2D01CA69-AD0E-488D-92D7-80143D4E4C01}.Debug|x64.Build.0 = Debug|Any CPU
		{2D01CA69-AD0E-488D-92D7-80143D4E4C01}.Debug|x86.ActiveCfg = Debug|Any CPU
		{2D01CA69-AD0E-488D-92D7-80143D4E4C01}.Debug|x86.Build.0 = Debug|Any CPU
		{2D01CA69-AD0E-488D-92D7-80143D4E4C01}.Release|Any CPU.ActiveCfg = Release|Any CPU
		{2D01CA69-AD0E-488D-92D7-80143D4E4C01}.Release|Any CPU.Build.0 = Release|Any CPU
		{2D01CA69-AD0E-488D-92D7-80143D4E4C01}.Release|x64.ActiveCfg = Release|Any CPU
		{2D01CA69-AD0E-488D-92D7-80143D4E4C01}.Release|x64.Build.0 = Release|Any CPU
		{2D01CA69-AD0E-488D-92D7-80143D4E4C01}.Release|x86.ActiveCfg = Release|Any CPU
		{2D01CA69-AD0E-488D-92D7-80143D4E4C01}.Release|x86.Build.0 = Release|Any CPU
	EndGlobalSection
	GlobalSection(SolutionProperties) = preSolution
		HideSolutionNode = FALSE
	EndGlobalSection
	GlobalSection(NestedProjects) = preSolution
		{E0ABEE31-351C-47A0-B691-4FF9712DF4A7} = {B67A22A2-04F2-3E67-A6BA-E4F33D6047E3}
		{61F699BB-2325-483E-BD8A-1F4096E883DB} = {09DF2EE5-5FE7-3EC7-59CB-CAD7E0928979}
		{7C1B1238-54CE-4DB0-B1AA-A32229A38649} = {A74F262E-BDE7-D5D2-89E9-785413424D0A}
		{AA359F8A-B6BD-4054-A92E-542D75FC0F71} = {996CEBED-A05B-5D42-3FF0-982E087A2599}
		{17370C7E-F958-458A-940A-49A126D4D7B7} = {3A7D4CBB-875E-3628-B0DC-316B127B610F}
		{94509DCE-D10E-4DB6-B413-5F38261CBD9B} = {BAB2497A-7622-1410-2835-8828CFE57558}
		{E596B0B6-2E0A-421D-B8D8-365F881F1F2C} = {B9B3A618-F0B6-3C03-4397-9BE7AE198C90}
		{2D01CA69-AD0E-488D-92D7-80143D4E4C01} = {7226ABEA-787E-1D09-10EA-A2ECF996D6A6}
	EndGlobalSection
EndGlobal
