
Microsoft Visual Studio Solution File, Format Version 12.00
# Visual Studio Version 17
VisualStudioVersion = 17.0.31903.59
MinimumVisualStudioVersion = 10.0.40219.1
Project("{2150E333-8FDC-42A3-9474-1A3956D46DE8}") = "Domain", "Domain", "{996CEBED-A05B-5D42-3FF0-982E087A2599}"
EndProject
Project("{FAE04EC0-301F-11D3-BF4B-00C04F79EFBC}") = "ValuesWorkshop.Domain", "Domain\ValuesWorkshop.Domain.csproj", "{5926E8F7-4720-4673-9A42-9F863BA05511}"
EndProject
Project("{2150E333-8FDC-42A3-9474-1A3956D46DE8}") = "Application", "Application", "{A74F262E-BDE7-D5D2-89E9-785413424D0A}"
EndProject
Project("{FAE04EC0-301F-11D3-BF4B-00C04F79EFBC}") = "ValuesWorkshop.Application", "Application\ValuesWorkshop.Application.csproj", "{58C0A01F-E6A1-4B10-9C2D-A9CF6A11D5BB}"
EndProject
Project("{2150E333-8FDC-42A3-9474-1A3956D46DE8}") = "Adapters", "Adapters", "{09DF2EE5-5FE7-3EC7-59CB-CAD7E0928979}"
EndProject
Project("{FAE04EC0-301F-11D3-BF4B-00C04F79EFBC}") = "ValuesWorkshop.Adapters", "Adapters\ValuesWorkshop.Adapters.csproj", "{3681BA9C-1ACB-4A75-96EA-97B3A3E05B75}"
EndProject
Project("{2150E333-8FDC-42A3-9474-1A3956D46DE8}") = "Host", "Host", "{7226ABEA-787E-1D09-10EA-A2ECF996D6A6}"
EndProject
Project("{FAE04EC0-301F-11D3-BF4B-00C04F79EFBC}") = "ValuesWorkshop.Host", "Host\ValuesWorkshop.Host.csproj", "{01A5F366-381D-4591-ACA5-329340C2EB5F}"
EndProject
Project("{2150E333-8FDC-42A3-9474-1A3956D46DE8}") = "Analyzers", "Analyzers", "{F883AD26-E2D9-0064-49F2-B333EF800629}"
EndProject
Project("{FAE04EC0-301F-11D3-BF4B-00C04F79EFBC}") = "ValuesWorkshop.Analyzers", "Analyzers\ValuesWorkshop.Analyzers.csproj", "{474FD0F3-F4E1-46B7-B07E-8243D21C1AC2}"
EndProject
Global
	GlobalSection(SolutionConfigurationPlatforms) = preSolution
		Debug|Any CPU = Debug|Any CPU
		Debug|x64 = Debug|x64
		Debug|x86 = Debug|x86
		Release|Any CPU = Release|Any CPU
		Release|x64 = Release|x64
		Release|x86 = Release|x86
	EndGlobalSection
	GlobalSection(ProjectConfigurationPlatforms) = postSolution
		{5926E8F7-4720-4673-9A42-9F863BA05511}.Debug|Any CPU.ActiveCfg = Debug|Any CPU
		{5926E8F7-4720-4673-9A42-9F863BA05511}.Debug|Any CPU.Build.0 = Debug|Any CPU
		{5926E8F7-4720-4673-9A42-9F863BA05511}.Debug|x64.ActiveCfg = Debug|Any CPU
		{5926E8F7-4720-4673-9A42-9F863BA05511}.Debug|x64.Build.0 = Debug|Any CPU
		{5926E8F7-4720-4673-9A42-9F863BA05511}.Debug|x86.ActiveCfg = Debug|Any CPU
		{5926E8F7-4720-4673-9A42-9F863BA05511}.Debug|x86.Build.0 = Debug|Any CPU
		{5926E8F7-4720-4673-9A42-9F863BA05511}.Release|Any CPU.ActiveCfg = Release|Any CPU
		{5926E8F7-4720-4673-9A42-9F863BA05511}.Release|Any CPU.Build.0 = Release|Any CPU
		{5926E8F7-4720-4673-9A42-9F863BA05511}.Release|x64.ActiveCfg = Release|Any CPU
		{5926E8F7-4720-4673-9A42-9F863BA05511}.Release|x64.Build.0 = Release|Any CPU
		{5926E8F7-4720-4673-9A42-9F863BA05511}.Release|x86.ActiveCfg = Release|Any CPU
		{5926E8F7-4720-4673-9A42-9F863BA05511}.Release|x86.Build.0 = Release|Any CPU
		{58C0A01F-E6A1-4B10-9C2D-A9CF6A11D5BB}.Debug|Any CPU.ActiveCfg = Debug|Any CPU
		{58C0A01F-E6A1-4B10-9C2D-A9CF6A11D5BB}.Debug|Any CPU.Build.0 = Debug|Any CPU
		{58C0A01F-E6A1-4B10-9C2D-A9CF6A11D5BB}.Debug|x64.ActiveCfg = Debug|Any CPU
		{58C0A01F-E6A1-4B10-9C2D-A9CF6A11D5BB}.Debug|x64.Build.0 = Debug|Any CPU
		{58C0A01F-E6A1-4B10-9C2D-A9CF6A11D5BB}.Debug|x86.ActiveCfg = Debug|Any CPU
		{58C0A01F-E6A1-4B10-9C2D-A9CF6A11D5BB}.Debug|x86.Build.0 = Debug|Any CPU
		{58C0A01F-E6A1-4B10-9C2D-A9CF6A11D5BB}.Release|Any CPU.ActiveCfg = Release|Any CPU
		{58C0A01F-E6A1-4B10-9C2D-A9CF6A11D5BB}.Release|Any CPU.Build.0 = Release|Any CPU
		{58C0A01F-E6A1-4B10-9C2D-A9CF6A11D5BB}.Release|x64.ActiveCfg = Release|Any CPU
		{58C0A01F-E6A1-4B10-9C2D-A9CF6A11D5BB}.Release|x64.Build.0 = Release|Any CPU
		{58C0A01F-E6A1-4B10-9C2D-A9CF6A11D5BB}.Release|x86.ActiveCfg = Release|Any CPU
		{58C0A01F-E6A1-4B10-9C2D-A9CF6A11D5BB}.Release|x86.Build.0 = Release|Any CPU
		{3681BA9C-1ACB-4A75-96EA-97B3A3E05B75}.Debug|Any CPU.ActiveCfg = Debug|Any CPU
		{3681BA9C-1ACB-4A75-96EA-97B3A3E05B75}.Debug|Any CPU.Build.0 = Debug|Any CPU
		{3681BA9C-1ACB-4A75-96EA-97B3A3E05B75}.Debug|x64.ActiveCfg = Debug|Any CPU
		{3681BA9C-1ACB-4A75-96EA-97B3A3E05B75}.Debug|x64.Build.0 = Debug|Any CPU
		{3681BA9C-1ACB-4A75-96EA-97B3A3E05B75}.Debug|x86.ActiveCfg = Debug|Any CPU
		{3681BA9C-1ACB-4A75-96EA-97B3A3E05B75}.Debug|x86.Build.0 = Debug|Any CPU
		{3681BA9C-1ACB-4A75-96EA-97B3A3E05B75}.Release|Any CPU.ActiveCfg = Release|Any CPU
		{3681BA9C-1ACB-4A75-96EA-97B3A3E05B75}.Release|Any CPU.Build.0 = Release|Any CPU
		{3681BA9C-1ACB-4A75-96EA-97B3A3E05B75}.Release|x64.ActiveCfg = Release|Any CPU
		{3681BA9C-1ACB-4A75-96EA-97B3A3E05B75}.Release|x64.Build.0 = Release|Any CPU
		{3681BA9C-1ACB-4A75-96EA-97B3A3E05B75}.Release|x86.ActiveCfg = Release|Any CPU
		{3681BA9C-1ACB-4A75-96EA-97B3A3E05B75}.Release|x86.Build.0 = Release|Any CPU
		{01A5F366-381D-4591-ACA5-329340C2EB5F}.Debug|Any CPU.ActiveCfg = Debug|Any CPU
		{01A5F366-381D-4591-ACA5-329340C2EB5F}.Debug|Any CPU.Build.0 = Debug|Any CPU
		{01A5F366-381D-4591-ACA5-329340C2EB5F}.Debug|x64.ActiveCfg = Debug|Any CPU
		{01A5F366-381D-4591-ACA5-329340C2EB5F}.Debug|x64.Build.0 = Debug|Any CPU
		{01A5F366-381D-4591-ACA5-329340C2EB5F}.Debug|x86.ActiveCfg = Debug|Any CPU
		{01A5F366-381D-4591-ACA5-329340C2EB5F}.Debug|x86.Build.0 = Debug|Any CPU
		{01A5F366-381D-4591-ACA5-329340C2EB5F}.Release|Any CPU.ActiveCfg = Release|Any CPU
		{01A5F366-381D-4591-ACA5-329340C2EB5F}.Release|Any CPU.Build.0 = Release|Any CPU
		{01A5F366-381D-4591-ACA5-329340C2EB5F}.Release|x64.ActiveCfg = Release|Any CPU
		{01A5F366-381D-4591-ACA5-329340C2EB5F}.Release|x64.Build.0 = Release|Any CPU
		{01A5F366-381D-4591-ACA5-329340C2EB5F}.Release|x86.ActiveCfg = Release|Any CPU
		{01A5F366-381D-4591-ACA5-329340C2EB5F}.Release|x86.Build.0 = Release|Any CPU
		{474FD0F3-F4E1-46B7-B07E-8243D21C1AC2}.Debug|Any CPU.ActiveCfg = Debug|Any CPU
		{474FD0F3-F4E1-46B7-B07E-8243D21C1AC2}.Debug|Any CPU.Build.0 = Debug|Any CPU
		{474FD0F3-F4E1-46B7-B07E-8243D21C1AC2}.Debug|x64.ActiveCfg = Debug|Any CPU
		{474FD0F3-F4E1-46B7-B07E-8243D21C1AC2}.Debug|x64.Build.0 = Debug|Any CPU
		{474FD0F3-F4E1-46B7-B07E-8243D21C1AC2}.Debug|x86.ActiveCfg = Debug|Any CPU
		{474FD0F3-F4E1-46B7-B07E-8243D21C1AC2}.Debug|x86.Build.0 = Debug|Any CPU
		{474FD0F3-F4E1-46B7-B07E-8243D21C1AC2}.Release|Any CPU.ActiveCfg = Release|Any CPU
		{474FD0F3-F4E1-46B7-B07E-8243D21C1AC2}.Release|Any CPU.Build.0 = Release|Any CPU
		{474FD0F3-F4E1-46B7-B07E-8243D21C1AC2}.Release|x64.ActiveCfg = Release|Any CPU
		{474FD0F3-F4E1-46B7-B07E-8243D21C1AC2}.Release|x64.Build.0 = Release|Any CPU
		{474FD0F3-F4E1-46B7-B07E-8243D21C1AC2}.Release|x86.ActiveCfg = Release|Any CPU
		{474FD0F3-F4E1-46B7-B07E-8243D21C1AC2}.Release|x86.Build.0 = Release|Any CPU
	EndGlobalSection
	GlobalSection(SolutionProperties) = preSolution
		HideSolutionNode = FALSE
	EndGlobalSection
	GlobalSection(NestedProjects) = preSolution
		{5926E8F7-4720-4673-9A42-9F863BA05511} = {996CEBED-A05B-5D42-3FF0-982E087A2599}
		{58C0A01F-E6A1-4B10-9C2D-A9CF6A11D5BB} = {A74F262E-BDE7-D5D2-89E9-785413424D0A}
		{3681BA9C-1ACB-4A75-96EA-97B3A3E05B75} = {09DF2EE5-5FE7-3EC7-59CB-CAD7E0928979}
		{01A5F366-381D-4591-ACA5-329340C2EB5F} = {7226ABEA-787E-1D09-10EA-A2ECF996D6A6}
		{474FD0F3-F4E1-46B7-B07E-8243D21C1AC2} = {F883AD26-E2D9-0064-49F2-B333EF800629}
	EndGlobalSection
EndGlobal
